
Microsoft Visual Studio Solution File, Format Version 12.00
# Visual Studio Version 16
VisualStudioVersion = 16.0.30225.117
MinimumVisualStudioVersion = 10.0.40219.1
Project("{FAE04EC0-301F-11D3-BF4B-00C04F79EFBC}") = "DotNet5Code", "DotNet5Code\DotNet5Code.csproj", "{8768731F-7C92-43A2-AA12-46BF058F3D92}"
EndProject
Global
	GlobalSection(SolutionConfigurationPlatforms) = preSolution
		Debug|Any CPU = Debug|Any CPU
		Release|Any CPU = Release|Any CPU
	EndGlobalSection
	GlobalSection(ProjectConfigurationPlatforms) = postSolution
		{8768731F-7C92-43A2-AA12-46BF058F3D92}.Debug|Any CPU.ActiveCfg = Debug|Any CPU
		{8768731F-7C92-43A2-AA12-46BF058F3D92}.Debug|Any CPU.Build.0 = Debug|Any CPU
		{8768731F-7C92-43A2-AA12-46BF058F3D92}.Release|Any CPU.ActiveCfg = Release|Any CPU
		{8768731F-7C92-43A2-AA12-46BF058F3D92}.Release|Any CPU.Build.0 = Release|Any CPU
	EndGlobalSection
	GlobalSection(SolutionProperties) = preSolution
		HideSolutionNode = FALSE
	EndGlobalSection
	GlobalSection(ExtensibilityGlobals) = postSolution
		SolutionGuid = {5ED3411D-63EE-42B9-B767-E918577C8342}
	EndGlobalSection
EndGlobal
